
Microsoft Visual Studio Solution File, Format Version 12.00
# Visual Studio Version 17
VisualStudioVersion = 17.0.31903.59
MinimumVisualStudioVersion = 10.0.40219.1
Project("{2150E333-8FDC-42A3-9474-1A3956D46DE8}") = "src", "src", "{827E0CD3-B72D-47B6-A68D-7590B98EB39B}"
EndProject
Project("{FAE04EC0-301F-11D3-BF4B-00C04F79EFBC}") = "EasyChunkUpload", "src\EasyChunkUpload\EasyChunkUpload.csproj", "{E8A23463-753E-48F1-A248-0A15CE318D39}"
EndProject
Project("{FAE04EC0-301F-11D3-BF4B-00C04F79EFBC}") = "EasyChunkUpload.Abstractions", "src\EasyChunkUpload.Abstractions\EasyChunkUpload.Abstractions.csproj", "{2578CB38-FC52-4950-BCEB-B70C9BACB52E}"
EndProject
Project("{FAE04EC0-301F-11D3-BF4B-00C04F79EFBC}") = "EasyChunkUpload.Hosting", "src\EasyChunkUpload.Hosting\EasyChunkUpload.Hosting.csproj", "{08DBB654-E27F-4FB7-8D83-94CCEA080E18}"
EndProject
Project("{FAE04EC0-301F-11D3-BF4B-00C04F79EFBC}") = "EasyChunkUpload.Persistence.EntityFrameworkCore", "src\EasyChunkUpload.Persistence.EntityFrameworkCore\EasyChunkUpload.Persistence.EntityFrameworkCore.csproj", "{D78B347F-5F75-4177-97F3-0017F4C36CA2}"
EndProject
Project("{FAE04EC0-301F-11D3-BF4B-00C04F79EFBC}") = "EasyChunkUpload.Storage.FileSystem", "src\EasyChunkUpload.Storage.FileSystem\EasyChunkUpload.Storage.FileSystem.csproj", "{CAF2EDA6-918F-43DF-AC81-6BE6606CAEDD}"
EndProject
Project("{2150E333-8FDC-42A3-9474-1A3956D46DE8}") = "tests", "tests", "{0AB3BF05-4346-4AA6-1389-037BE0695223}"
EndProject
Project("{FAE04EC0-301F-11D3-BF4B-00C04F79EFBC}") = "EasyChunkUpload.ArchitectureTests", "tests\EasyChunkUpload.ArchitectureTests\EasyChunkUpload.ArchitectureTests.csproj", "{BA9CC3E1-9B5F-44AA-B67B-2C76459A95B9}"
EndProject
Project("{FAE04EC0-301F-11D3-BF4B-00C04F79EFBC}") = "EasyChunkUpload.ConsumerTests", "tests\EasyChunkUpload.ConsumerTests\EasyChunkUpload.ConsumerTests.csproj", "{7FB6601A-7727-4E30-8DEE-476156EA98B1}"
EndProject
Project("{FAE04EC0-301F-11D3-BF4B-00C04F79EFBC}") = "EasyChunkUpload.IntegrationTests", "tests\EasyChunkUpload.IntegrationTests\EasyChunkUpload.IntegrationTests.csproj", "{4029A61E-CD21-481D-8024-0F8A21D492C3}"
EndProject
Project("{FAE04EC0-301F-11D3-BF4B-00C04F79EFBC}") = "EasyChunkUpload.Persistence.EntityFrameworkCore.Tests", "tests\EasyChunkUpload.Persistence.EntityFrameworkCore.Tests\EasyChunkUpload.Persistence.EntityFrameworkCore.Tests.csproj", "{AF2D3907-18DB-4C40-A602-FB0940C4E7F9}"
EndProject
Project("{FAE04EC0-301F-11D3-BF4B-00C04F79EFBC}") = "EasyChunkUpload.Storage.FileSystem.Tests", "tests\EasyChunkUpload.Storage.FileSystem.Tests\EasyChunkUpload.Storage.FileSystem.Tests.csproj", "{56008FD1-9592-4539-9F81-9A0AE2987661}"
EndProject
Project("{FAE04EC0-301F-11D3-BF4B-00C04F79EFBC}") = "EasyChunkUpload.UnitTests", "tests\EasyChunkUpload.UnitTests\EasyChunkUpload.UnitTests.csproj", "{EE13685C-645C-49F2-9A1E-37DFC3889201}"
EndProject
Global
	GlobalSection(SolutionConfigurationPlatforms) = preSolution
		Debug|Any CPU = Debug|Any CPU
		Debug|x64 = Debug|x64
		Debug|x86 = Debug|x86
		Release|Any CPU = Release|Any CPU
		Release|x64 = Release|x64
		Release|x86 = Release|x86
	EndGlobalSection
	GlobalSection(ProjectConfigurationPlatforms) = postSolution
		{E8A23463-753E-48F1-A248-0A15CE318D39}.Debug|Any CPU.ActiveCfg = Debug|Any CPU
		{E8A23463-753E-48F1-A248-0A15CE318D39}.Debug|Any CPU.Build.0 = Debug|Any CPU
		{E8A23463-753E-48F1-A248-0A15CE318D39}.Debug|x64.ActiveCfg = Debug|Any CPU
		{E8A23463-753E-48F1-A248-0A15CE318D39}.Debug|x64.Build.0 = Debug|Any CPU
		{E8A23463-753E-48F1-A248-0A15CE318D39}.Debug|x86.ActiveCfg = Debug|Any CPU
		{E8A23463-753E-48F1-A248-0A15CE318D39}.Debug|x86.Build.0 = Debug|Any CPU
		{E8A23463-753E-48F1-A248-0A15CE318D39}.Release|Any CPU.ActiveCfg = Release|Any CPU
		{E8A23463-753E-48F1-A248-0A15CE318D39}.Release|Any CPU.Build.0 = Release|Any CPU
		{E8A23463-753E-48F1-A248-0A15CE318D39}.Release|x64.ActiveCfg = Release|Any CPU
		{E8A23463-753E-48F1-A248-0A15CE318D39}.Release|x64.Build.0 = Release|Any CPU
		{E8A23463-753E-48F1-A248-0A15CE318D39}.Release|x86.ActiveCfg = Release|Any CPU
		{E8A23463-753E-48F1-A248-0A15CE318D39}.Release|x86.Build.0 = Release|Any CPU
		{2578CB38-FC52-4950-BCEB-B70C9BACB52E}.Debug|Any CPU.ActiveCfg = Debug|Any CPU
		{2578CB38-FC52-4950-BCEB-B70C9BACB52E}.Debug|Any CPU.Build.0 = Debug|Any CPU
		{2578CB38-FC52-4950-BCEB-B70C9BACB52E}.Debug|x64.ActiveCfg = Debug|Any CPU
		{2578CB38-FC52-4950-BCEB-B70C9BACB52E}.Debug|x64.Build.0 = Debug|Any CPU
		{2578CB38-FC52-4950-BCEB-B70C9BACB52E}.Debug|x86.ActiveCfg = Debug|Any CPU
		{2578CB38-FC52-4950-BCEB-B70C9BACB52E}.Debug|x86.Build.0 = Debug|Any CPU
		{2578CB38-FC52-4950-BCEB-B70C9BACB52E}.Release|Any CPU.ActiveCfg = Release|Any CPU
		{2578CB38-FC52-4950-BCEB-B70C9BACB52E}.Release|Any CPU.Build.0 = Release|Any CPU
		{2578CB38-FC52-4950-BCEB-B70C9BACB52E}.Release|x64.ActiveCfg = Release|Any CPU
		{2578CB38-FC52-4950-BCEB-B70C9BACB52E}.Release|x64.Build.0 = Release|Any CPU
		{2578CB38-FC52-4950-BCEB-B70C9BACB52E}.Release|x86.ActiveCfg = Release|Any CPU
		{2578CB38-FC52-4950-BCEB-B70C9BACB52E}.Release|x86.Build.0 = Release|Any CPU
		{08DBB654-E27F-4FB7-8D83-94CCEA080E18}.Debug|Any CPU.ActiveCfg = Debug|Any CPU
		{08DBB654-E27F-4FB7-8D83-94CCEA080E18}.Debug|Any CPU.Build.0 = Debug|Any CPU
		{08DBB654-E27F-4FB7-8D83-94CCEA080E18}.Debug|x64.ActiveCfg = Debug|Any CPU
		{08DBB654-E27F-4FB7-8D83-94CCEA080E18}.Debug|x64.Build.0 = Debug|Any CPU
		{08DBB654-E27F-4FB7-8D83-94CCEA080E18}.Debug|x86.ActiveCfg = Debug|Any CPU
		{08DBB654-E27F-4FB7-8D83-94CCEA080E18}.Debug|x86.Build.0 = Debug|Any CPU
		{08DBB654-E27F-4FB7-8D83-94CCEA080E18}.Release|Any CPU.ActiveCfg = Release|Any CPU
		{08DBB654-E27F-4FB7-8D83-94CCEA080E18}.Release|Any CPU.Build.0 = Release|Any CPU
		{08DBB654-E27F-4FB7-8D83-94CCEA080E18}.Release|x64.ActiveCfg = Release|Any CPU
		{08DBB654-E27F-4FB7-8D83-94CCEA080E18}.Release|x64.Build.0 = Release|Any CPU
		{08DBB654-E27F-4FB7-8D83-94CCEA080E18}.Release|x86.ActiveCfg = Release|Any CPU
		{08DBB654-E27F-4FB7-8D83-94CCEA080E18}.Release|x86.Build.0 = Release|Any CPU
		{D78B347F-5F75-4177-97F3-0017F4C36CA2}.Debug|Any CPU.ActiveCfg = Debug|Any CPU
		{D78B347F-5F75-4177-97F3-0017F4C36CA2}.Debug|Any CPU.Build.0 = Debug|Any CPU
		{D78B347F-5F75-4177-97F3-0017F4C36CA2}.Debug|x64.ActiveCfg = Debug|Any CPU
		{D78B347F-5F75-4177-97F3-0017F4C36CA2}.Debug|x64.Build.0 = Debug|Any CPU
		{D78B347F-5F75-4177-97F3-0017F4C36CA2}.Debug|x86.ActiveCfg = Debug|Any CPU
		{D78B347F-5F75-4177-97F3-0017F4C36CA2}.Debug|x86.Build.0 = Debug|Any CPU
		{D78B347F-5F75-4177-97F3-0017F4C36CA2}.Release|Any CPU.ActiveCfg = Release|Any CPU
		{D78B347F-5F75-4177-97F3-0017F4C36CA2}.Release|Any CPU.Build.0 = Release|Any CPU
		{D78B347F-5F75-4177-97F3-0017F4C36CA2}.Release|x64.ActiveCfg = Release|Any CPU
		{D78B347F-5F75-4177-97F3-0017F4C36CA2}.Release|x64.Build.0 = Release|Any CPU
		{D78B347F-5F75-4177-97F3-0017F4C36CA2}.Release|x86.ActiveCfg = Release|Any CPU
		{D78B347F-5F75-4177-97F3-0017F4C36CA2}.Release|x86.Build.0 = Release|Any CPU
		{CAF2EDA6-918F-43DF-AC81-6BE6606CAEDD}.Debug|Any CPU.ActiveCfg = Debug|Any CPU
		{CAF2EDA6-918F-43DF-AC81-6BE6606CAEDD}.Debug|Any CPU.Build.0 = Debug|Any CPU
		{CAF2EDA6-918F-43DF-AC81-6BE6606CAEDD}.Debug|x64.ActiveCfg = Debug|Any CPU
		{CAF2EDA6-918F-43DF-AC81-6BE6606CAEDD}.Debug|x64.Build.0 = Debug|Any CPU
		{CAF2EDA6-918F-43DF-AC81-6BE6606CAEDD}.Debug|x86.ActiveCfg = Debug|Any CPU
		{CAF2EDA6-918F-43DF-AC81-6BE6606CAEDD}.Debug|x86.Build.0 = Debug|Any CPU
		{CAF2EDA6-918F-43DF-AC81-6BE6606CAEDD}.Release|Any CPU.ActiveCfg = Release|Any CPU
		{CAF2EDA6-918F-43DF-AC81-6BE6606CAEDD}.Release|Any CPU.Build.0 = Release|Any CPU
		{CAF2EDA6-918F-43DF-AC81-6BE6606CAEDD}.Release|x64.ActiveCfg = Release|Any CPU
		{CAF2EDA6-918F-43DF-AC81-6BE6606CAEDD}.Release|x64.Build.0 = Release|Any CPU
		{CAF2EDA6-918F-43DF-AC81-6BE6606CAEDD}.Release|x86.ActiveCfg = Release|Any CPU
		{CAF2EDA6-918F-43DF-AC81-6BE6606CAEDD}.Release|x86.Build.0 = Release|Any CPU
		{BA9CC3E1-9B5F-44AA-B67B-2C76459A95B9}.Debug|Any CPU.ActiveCfg = Debug|Any CPU
		{BA9CC3E1-9B5F-44AA-B67B-2C76459A95B9}.Debug|Any CPU.Build.0 = Debug|Any CPU
		{BA9CC3E1-9B5F-44AA-B67B-2C76459A95B9}.Debug|x64.ActiveCfg = Debug|Any CPU
		{BA9CC3E1-9B5F-44AA-B67B-2C76459A95B9}.Debug|x64.Build.0 = Debug|Any CPU
		{BA9CC3E1-9B5F-44AA-B67B-2C76459A95B9}.Debug|x86.ActiveCfg = Debug|Any CPU
		{BA9CC3E1-9B5F-44AA-B67B-2C76459A95B9}.Debug|x86.Build.0 = Debug|Any CPU
		{BA9CC3E1-9B5F-44AA-B67B-2C76459A95B9}.Release|Any CPU.ActiveCfg = Release|Any CPU
		{BA9CC3E1-9B5F-44AA-B67B-2C76459A95B9}.Release|Any CPU.Build.0 = Release|Any CPU
		{BA9CC3E1-9B5F-44AA-B67B-2C76459A95B9}.Release|x64.ActiveCfg = Release|Any CPU
		{BA9CC3E1-9B5F-44AA-B67B-2C76459A95B9}.Release|x64.Build.0 = Release|Any CPU
		{BA9CC3E1-9B5F-44AA-B67B-2C76459A95B9}.Release|x86.ActiveCfg = Release|Any CPU
		{BA9CC3E1-9B5F-44AA-B67B-2C76459A95B9}.Release|x86.Build.0 = Release|Any CPU
		{7FB6601A-7727-4E30-8DEE-476156EA98B1}.Debug|Any CPU.ActiveCfg = Debug|Any CPU
		{7FB6601A-7727-4E30-8DEE-476156EA98B1}.Debug|Any CPU.Build.0 = Debug|Any CPU
		{7FB6601A-7727-4E30-8DEE-476156EA98B1}.Debug|x64.ActiveCfg = Debug|Any CPU
		{7FB6601A-7727-4E30-8DEE-476156EA98B1}.Debug|x64.Build.0 = Debug|Any CPU
		{7FB6601A-7727-4E30-8DEE-476156EA98B1}.Debug|x86.ActiveCfg = Debug|Any CPU
		{7FB6601A-7727-4E30-8DEE-476156EA98B1}.Debug|x86.Build.0 = Debug|Any CPU
		{7FB6601A-7727-4E30-8DEE-476156EA98B1}.Release|Any CPU.ActiveCfg = Release|Any CPU
		{7FB6601A-7727-4E30-8DEE-476156EA98B1}.Release|Any CPU.Build.0 = Release|Any CPU
		{7FB6601A-7727-4E30-8DEE-476156EA98B1}.Release|x64.ActiveCfg = Release|Any CPU
		{7FB6601A-7727-4E30-8DEE-476156EA98B1}.Release|x64.Build.0 = Release|Any CPU
		{7FB6601A-7727-4E30-8DEE-476156EA98B1}.Release|x86.ActiveCfg = Release|Any CPU
		{7FB6601A-7727-4E30-8DEE-476156EA98B1}.Release|x86.Build.0 = Release|Any CPU
		{4029A61E-CD21-481D-8024-0F8A21D492C3}.Debug|Any CPU.ActiveCfg = Debug|Any CPU
		{4029A61E-CD21-481D-8024-0F8A21D492C3}.Debug|Any CPU.Build.0 = Debug|Any CPU
		{4029A61E-CD21-481D-8024-0F8A21D492C3}.Debug|x64.ActiveCfg = Debug|Any CPU
		{4029A61E-CD21-481D-8024-0F8A21D492C3}.Debug|x64.Build.0 = Debug|Any CPU
		{4029A61E-CD21-481D-8024-0F8A21D492C3}.Debug|x86.ActiveCfg = Debug|Any CPU
		{4029A61E-CD21-481D-8024-0F8A21D492C3}.Debug|x86.Build.0 = Debug|Any CPU
		{4029A61E-CD21-481D-8024-0F8A21D492C3}.Release|Any CPU.ActiveCfg = Release|Any CPU
		{4029A61E-CD21-481D-8024-0F8A21D492C3}.Release|Any CPU.Build.0 = Release|Any CPU
		{4029A61E-CD21-481D-8024-0F8A21D492C3}.Release|x64.ActiveCfg = Release|Any CPU
		{4029A61E-CD21-481D-8024-0F8A21D492C3}.Release|x64.Build.0 = Release|Any CPU
		{4029A61E-CD21-481D-8024-0F8A21D492C3}.Release|x86.ActiveCfg = Release|Any CPU
		{4029A61E-CD21-481D-8024-0F8A21D492C3}.Release|x86.Build.0 = Release|Any CPU
		{AF2D3907-18DB-4C40-A602-FB0940C4E7F9}.Debug|Any CPU.ActiveCfg = Debug|Any CPU
		{AF2D3907-18DB-4C40-A602-FB0940C4E7F9}.Debug|Any CPU.Build.0 = Debug|Any CPU
		{AF2D3907-18DB-4C40-A602-FB0940C4E7F9}.Debug|x64.ActiveCfg = Debug|Any CPU
		{AF2D3907-18DB-4C40-A602-FB0940C4E7F9}.Debug|x64.Build.0 = Debug|Any CPU
		{AF2D3907-18DB-4C40-A602-FB0940C4E7F9}.Debug|x86.ActiveCfg = Debug|Any CPU
		{AF2D3907-18DB-4C40-A602-FB0940C4E7F9}.Debug|x86.Build.0 = Debug|Any CPU
		{AF2D3907-18DB-4C40-A602-FB0940C4E7F9}.Release|Any CPU.ActiveCfg = Release|Any CPU
		{AF2D3907-18DB-4C40-A602-FB0940C4E7F9}.Release|Any CPU.Build.0 = Release|Any CPU
		{AF2D3907-18DB-4C40-A602-FB0940C4E7F9}.Release|x64.ActiveCfg = Release|Any CPU
		{AF2D3907-18DB-4C40-A602-FB0940C4E7F9}.Release|x64.Build.0 = Release|Any CPU
		{AF2D3907-18DB-4C40-A602-FB0940C4E7F9}.Release|x86.ActiveCfg = Release|Any CPU
		{AF2D3907-18DB-4C40-A602-FB0940C4E7F9}.Release|x86.Build.0 = Release|Any CPU
		{56008FD1-9592-4539-9F81-9A0AE2987661}.Debug|Any CPU.ActiveCfg = Debug|Any CPU
		{56008FD1-9592-4539-9F81-9A0AE2987661}.Debug|Any CPU.Build.0 = Debug|Any CPU
		{56008FD1-9592-4539-9F81-9A0AE2987661}.Debug|x64.ActiveCfg = Debug|Any CPU
		{56008FD1-9592-4539-9F81-9A0AE2987661}.Debug|x64.Build.0 = Debug|Any CPU
		{56008FD1-9592-4539-9F81-9A0AE2987661}.Debug|x86.ActiveCfg = Debug|Any CPU
		{56008FD1-9592-4539-9F81-9A0AE2987661}.Debug|x86.Build.0 = Debug|Any CPU
		{56008FD1-9592-4539-9F81-9A0AE2987661}.Release|Any CPU.ActiveCfg = Release|Any CPU
		{56008FD1-9592-4539-9F81-9A0AE2987661}.Release|Any CPU.Build.0 = Release|Any CPU
		{56008FD1-9592-4539-9F81-9A0AE2987661}.Release|x64.ActiveCfg = Release|Any CPU
		{56008FD1-9592-4539-9F81-9A0AE2987661}.Release|x64.Build.0 = Release|Any CPU
		{56008FD1-9592-4539-9F81-9A0AE2987661}.Release|x86.ActiveCfg = Release|Any CPU
		{56008FD1-9592-4539-9F81-9A0AE2987661}.Release|x86.Build.0 = Release|Any CPU
		{EE13685C-645C-49F2-9A1E-37DFC3889201}.Debug|Any CPU.ActiveCfg = Debug|Any CPU
		{EE13685C-645C-49F2-9A1E-37DFC3889201}.Debug|Any CPU.Build.0 = Debug|Any CPU
		{EE13685C-645C-49F2-9A1E-37DFC3889201}.Debug|x64.ActiveCfg = Debug|Any CPU
		{EE13685C-645C-49F2-9A1E-37DFC3889201}.Debug|x64.Build.0 = Debug|Any CPU
		{EE13685C-645C-49F2-9A1E-37DFC3889201}.Debug|x86.ActiveCfg = Debug|Any CPU
		{EE13685C-645C-49F2-9A1E-37DFC3889201}.Debug|x86.Build.0 = Debug|Any CPU
		{EE13685C-645C-49F2-9A1E-37DFC3889201}.Release|Any CPU.ActiveCfg = Release|Any CPU
		{EE13685C-645C-49F2-9A1E-37DFC3889201}.Release|Any CPU.Build.0 = Release|Any CPU
		{EE13685C-645C-49F2-9A1E-37DFC3889201}.Release|x64.ActiveCfg = Release|Any CPU
		{EE13685C-645C-49F2-9A1E-37DFC3889201}.Release|x64.Build.0 = Release|Any CPU
		{EE13685C-645C-49F2-9A1E-37DFC3889201}.Release|x86.ActiveCfg = Release|Any CPU
		{EE13685C-645C-49F2-9A1E-37DFC3889201}.Release|x86.Build.0 = Release|Any CPU
	EndGlobalSection
	GlobalSection(SolutionProperties) = preSolution
		HideSolutionNode = FALSE
	EndGlobalSection
	GlobalSection(NestedProjects) = preSolution
		{E8A23463-753E-48F1-A248-0A15CE318D39} = {827E0CD3-B72D-47B6-A68D-7590B98EB39B}
		{2578CB38-FC52-4950-BCEB-B70C9BACB52E} = {827E0CD3-B72D-47B6-A68D-7590B98EB39B}
		{08DBB654-E27F-4FB7-8D83-94CCEA080E18} = {827E0CD3-B72D-47B6-A68D-7590B98EB39B}
		{D78B347F-5F75-4177-97F3-0017F4C36CA2} = {827E0CD3-B72D-47B6-A68D-7590B98EB39B}
		{CAF2EDA6-918F-43DF-AC81-6BE6606CAEDD} = {827E0CD3-B72D-47B6-A68D-7590B98EB39B}
		{BA9CC3E1-9B5F-44AA-B67B-2C76459A95B9} = {0AB3BF05-4346-4AA6-1389-037BE0695223}
		{7FB6601A-7727-4E30-8DEE-476156EA98B1} = {0AB3BF05-4346-4AA6-1389-037BE0695223}
		{4029A61E-CD21-481D-8024-0F8A21D492C3} = {0AB3BF05-4346-4AA6-1389-037BE0695223}
		{AF2D3907-18DB-4C40-A602-FB0940C4E7F9} = {0AB3BF05-4346-4AA6-1389-037BE0695223}
		{56008FD1-9592-4539-9F81-9A0AE2987661} = {0AB3BF05-4346-4AA6-1389-037BE0695223}
		{EE13685C-645C-49F2-9A1E-37DFC3889201} = {0AB3BF05-4346-4AA6-1389-037BE0695223}
	EndGlobalSection
EndGlobal
