
Microsoft Visual Studio Solution File, Format Version 12.00
# Visual Studio Version 17
VisualStudioVersion = 17.0.31903.59
MinimumVisualStudioVersion = 10.0.40219.1
Project("{FAE04EC0-301F-11D3-BF4B-00C04F79EFBC}") = "EasyChunkUpload", "EasyChunkUpload\EasyChunkUpload.csproj", "{20993BEA-DFF6-4078-99E4-3DDD4B024F89}"
EndProject
Project("{FAE04EC0-301F-11D3-BF4B-00C04F79EFBC}") = "EasyChunkUploadTest", "EasyChunkUploadTest\EasyChunkUploadTest.csproj", "{795F47BD-424D-4250-9519-18ADA174DAF4}"
EndProject
Project("{FAE04EC0-301F-11D3-BF4B-00C04F79EFBC}") = "EasyChunkUpload.IntegrationTest", "EasyChunkUpload.IntegrationTest\EasyChunkUpload.IntegrationTest.csproj", "{2EAB78C0-FF92-48BD-B370-C09688D85FD9}"
EndProject
Global
	GlobalSection(SolutionConfigurationPlatforms) = preSolution
		Debug|Any CPU = Debug|Any CPU
		Release|Any CPU = Release|Any CPU
	EndGlobalSection
	GlobalSection(SolutionProperties) = preSolution
		HideSolutionNode = FALSE
	EndGlobalSection
	GlobalSection(ProjectConfigurationPlatforms) = postSolution
		{8D5A790F-DE2D-4FD5-BAD5-8FCEF6E0C901}.Debug|Any CPU.ActiveCfg = Debug|Any CPU
		{8D5A790F-DE2D-4FD5-BAD5-8FCEF6E0C901}.Debug|Any CPU.Build.0 = Debug|Any CPU
		{8D5A790F-DE2D-4FD5-BAD5-8FCEF6E0C901}.Release|Any CPU.ActiveCfg = Release|Any CPU
		{8D5A790F-DE2D-4FD5-BAD5-8FCEF6E0C901}.Release|Any CPU.Build.0 = Release|Any CPU
		{20993BEA-DFF6-4078-99E4-3DDD4B024F89}.Debug|Any CPU.ActiveCfg = Debug|Any CPU
		{20993BEA-DFF6-4078-99E4-3DDD4B024F89}.Debug|Any CPU.Build.0 = Debug|Any CPU
		{20993BEA-DFF6-4078-99E4-3DDD4B024F89}.Release|Any CPU.ActiveCfg = Release|Any CPU
		{20993BEA-DFF6-4078-99E4-3DDD4B024F89}.Release|Any CPU.Build.0 = Release|Any CPU
		{8F3E017C-0E6D-47F5-A835-35558F78EEE3}.Debug|Any CPU.ActiveCfg = Debug|Any CPU
		{8F3E017C-0E6D-47F5-A835-35558F78EEE3}.Debug|Any CPU.Build.0 = Debug|Any CPU
		{8F3E017C-0E6D-47F5-A835-35558F78EEE3}.Release|Any CPU.ActiveCfg = Release|Any CPU
		{8F3E017C-0E6D-47F5-A835-35558F78EEE3}.Release|Any CPU.Build.0 = Release|Any CPU
		{444292AD-FC89-42D6-9164-BA7B9F3725DA}.Debug|Any CPU.ActiveCfg = Debug|Any CPU
		{444292AD-FC89-42D6-9164-BA7B9F3725DA}.Debug|Any CPU.Build.0 = Debug|Any CPU
		{444292AD-FC89-42D6-9164-BA7B9F3725DA}.Release|Any CPU.ActiveCfg = Release|Any CPU
		{444292AD-FC89-42D6-9164-BA7B9F3725DA}.Release|Any CPU.Build.0 = Release|Any CPU
		{59511F4F-59DD-4EA4-9750-9A2FBF833608}.Debug|Any CPU.ActiveCfg = Debug|Any CPU
		{59511F4F-59DD-4EA4-9750-9A2FBF833608}.Debug|Any CPU.Build.0 = Debug|Any CPU
		{59511F4F-59DD-4EA4-9750-9A2FBF833608}.Release|Any CPU.ActiveCfg = Release|Any CPU
		{59511F4F-59DD-4EA4-9750-9A2FBF833608}.Release|Any CPU.Build.0 = Release|Any CPU
		{795F47BD-424D-4250-9519-18ADA174DAF4}.Debug|Any CPU.ActiveCfg = Debug|Any CPU
		{795F47BD-424D-4250-9519-18ADA174DAF4}.Debug|Any CPU.Build.0 = Debug|Any CPU
		{795F47BD-424D-4250-9519-18ADA174DAF4}.Release|Any CPU.ActiveCfg = Release|Any CPU
		{795F47BD-424D-4250-9519-18ADA174DAF4}.Release|Any CPU.Build.0 = Release|Any CPU
		{2EAB78C0-FF92-48BD-B370-C09688D85FD9}.Debug|Any CPU.ActiveCfg = Debug|Any CPU
		{2EAB78C0-FF92-48BD-B370-C09688D85FD9}.Debug|Any CPU.Build.0 = Debug|Any CPU
		{2EAB78C0-FF92-48BD-B370-C09688D85FD9}.Release|Any CPU.ActiveCfg = Release|Any CPU
		{2EAB78C0-FF92-48BD-B370-C09688D85FD9}.Release|Any CPU.Build.0 = Release|Any CPU
	EndGlobalSection
EndGlobal
